// !$*UTF8*$!
{
	archiveVersion = 1;
	classes = {
	};
	objectVersion = 55;
	objects = {

/* Begin PBXBuildFile section */
		649F594B28C98C3200864BFA /* BaseModel.swift in Sources */ = {isa = PBXBuildFile; fileRef = 649F594A28C98C3200864BFA /* BaseModel.swift */; };
		649F594D28C98EA300864BFA /* GetTokenMdoel.swift in Sources */ = {isa = PBXBuildFile; fileRef = 649F594C28C98EA300864BFA /* GetTokenMdoel.swift */; };
		649F594F28C9AC2400864BFA /* Launch Screen.storyboard in Resources */ = {isa = PBXBuildFile; fileRef = 649F594E28C9AC2400864BFA /* Launch Screen.storyboard */; };
		64A06A2328C8798F0086A9F4 /* ManagerAPI.swift in Sources */ = {isa = PBXBuildFile; fileRef = 64A06A2228C8798F0086A9F4 /* ManagerAPI.swift */; };
		64A06A2628C88ABB0086A9F4 /* Configuration.swift in Sources */ = {isa = PBXBuildFile; fileRef = 64A06A2528C88ABB0086A9F4 /* Configuration.swift */; };
		64A06A2928C88E500086A9F4 /* Alamofire in Frameworks */ = {isa = PBXBuildFile; productRef = 64A06A2828C88E500086A9F4 /* Alamofire */; };
		64A167BA28C83AF7006D9279 /* API_RepoDemoApp.swift in Sources */ = {isa = PBXBuildFile; fileRef = 64A167B928C83AF7006D9279 /* API_RepoDemoApp.swift */; };
		64A167BC28C83AF7006D9279 /* ContentView.swift in Sources */ = {isa = PBXBuildFile; fileRef = 64A167BB28C83AF7006D9279 /* ContentView.swift */; };
		64A167BE28C83AF8006D9279 /* Assets.xcassets in Resources */ = {isa = PBXBuildFile; fileRef = 64A167BD28C83AF8006D9279 /* Assets.xcassets */; };
		64A167C128C83AF8006D9279 /* Preview Assets.xcassets in Resources */ = {isa = PBXBuildFile; fileRef = 64A167C028C83AF8006D9279 /* Preview Assets.xcassets */; };
/* End PBXBuildFile section */

/* Begin PBXFileReference section */
		649F594A28C98C3200864BFA /* BaseModel.swift */ = {isa = PBXFileReference; lastKnownFileType = sourcecode.swift; path = BaseModel.swift; sourceTree = "<group>"; };
		649F594C28C98EA300864BFA /* GetTokenMdoel.swift */ = {isa = PBXFileReference; lastKnownFileType = sourcecode.swift; path = GetTokenMdoel.swift; sourceTree = "<group>"; };
		649F594E28C9AC2400864BFA /* Launch Screen.storyboard */ = {isa = PBXFileReference; lastKnownFileType = file.storyboard; path = "Launch Screen.storyboard"; sourceTree = "<group>"; };
		649F595028C9B00200864BFA /* API-RepoDemo-Info.plist */ = {isa = PBXFileReference; lastKnownFileType = text.plist; path = "API-RepoDemo-Info.plist"; sourceTree = SOURCE_ROOT; };
		64A06A2228C8798F0086A9F4 /* ManagerAPI.swift */ = {isa = PBXFileReference; lastKnownFileType = sourcecode.swift; path = ManagerAPI.swift; sourceTree = "<group>"; };
		64A06A2528C88ABB0086A9F4 /* Configuration.swift */ = {isa = PBXFileReference; lastKnownFileType = sourcecode.swift; path = Configuration.swift; sourceTree = "<group>"; };
		64A167B628C83AF7006D9279 /* DebugDemoAPI.app */ = {isa = PBXFileReference; explicitFileType = wrapper.application; includeInIndex = 0; path = DebugDemoAPI.app; sourceTree = BUILT_PRODUCTS_DIR; };
		64A167B928C83AF7006D9279 /* API_RepoDemoApp.swift */ = {isa = PBXFileReference; lastKnownFileType = sourcecode.swift; path = API_RepoDemoApp.swift; sourceTree = "<group>"; };
		64A167BB28C83AF7006D9279 /* ContentView.swift */ = {isa = PBXFileReference; lastKnownFileType = sourcecode.swift; path = ContentView.swift; sourceTree = "<group>"; };
		64A167BD28C83AF8006D9279 /* Assets.xcassets */ = {isa = PBXFileReference; lastKnownFileType = folder.assetcatalog; path = Assets.xcassets; sourceTree = "<group>"; };
		64A167C028C83AF8006D9279 /* Preview Assets.xcassets */ = {isa = PBXFileReference; lastKnownFileType = folder.assetcatalog; path = "Preview Assets.xcassets"; sourceTree = "<group>"; };
		64A167CC28C84B1F006D9279 /* release.xcconfig */ = {isa = PBXFileReference; lastKnownFileType = text.xcconfig; path = release.xcconfig; sourceTree = "<group>"; };
		64A167CD28C84B47006D9279 /* debug.xcconfig */ = {isa = PBXFileReference; lastKnownFileType = text.xcconfig; path = debug.xcconfig; sourceTree = "<group>"; };
		64A167CE28C8783A006D9279 /* .gitignore */ = {isa = PBXFileReference; lastKnownFileType = text; path = .gitignore; sourceTree = "<group>"; };
/* End PBXFileReference section */

/* Begin PBXFrameworksBuildPhase section */
		64A167B328C83AF7006D9279 /* Frameworks */ = {
			isa = PBXFrameworksBuildPhase;
			buildActionMask = 2147483647;
			files = (
				64A06A2928C88E500086A9F4 /* Alamofire in Frameworks */,
			);
			runOnlyForDeploymentPostprocessing = 0;
		};
/* End PBXFrameworksBuildPhase section */

/* Begin PBXGroup section */
		649F594828C98BCE00864BFA /* Model */ = {
			isa = PBXGroup;
			children = (
				649F594928C98C0E00864BFA /* Base */,
				649F594C28C98EA300864BFA /* GetTokenMdoel.swift */,
			);
			path = Model;
			sourceTree = "<group>";
		};
		649F594928C98C0E00864BFA /* Base */ = {
			isa = PBXGroup;
			children = (
				649F594A28C98C3200864BFA /* BaseModel.swift */,
			);
			path = Base;
			sourceTree = "<group>";
		};
		64A06A2428C88A9C0086A9F4 /* Env */ = {
			isa = PBXGroup;
			children = (
				64A06A2528C88ABB0086A9F4 /* Configuration.swift */,
			);
			path = Env;
			sourceTree = "<group>";
		};
		64A167AD28C83AF7006D9279 = {
			isa = PBXGroup;
			children = (
				64A167CE28C8783A006D9279 /* .gitignore */,
				64A167CD28C84B47006D9279 /* debug.xcconfig */,
				64A167CC28C84B1F006D9279 /* release.xcconfig */,
				64A167C928C8438E006D9279 /* Infraastruct */,
				64A167C728C83B6E006D9279 /* Core */,
				64A167B828C83AF7006D9279 /* API_RepoDemo */,
				64A167B728C83AF7006D9279 /* Products */,
			);
			sourceTree = "<group>";
		};
		64A167B728C83AF7006D9279 /* Products */ = {
			isa = PBXGroup;
			children = (
				64A167B628C83AF7006D9279 /* DebugDemoAPI.app */,
			);
			name = Products;
			sourceTree = "<group>";
		};
		64A167B828C83AF7006D9279 /* API_RepoDemo */ = {
			isa = PBXGroup;
			children = (
				649F595028C9B00200864BFA /* API-RepoDemo-Info.plist */,
				64A167B928C83AF7006D9279 /* API_RepoDemoApp.swift */,
				64A167BB28C83AF7006D9279 /* ContentView.swift */,
				64A167BD28C83AF8006D9279 /* Assets.xcassets */,
				64A167BF28C83AF8006D9279 /* Preview Content */,
				649F594E28C9AC2400864BFA /* Launch Screen.storyboard */,
			);
			path = API_RepoDemo;
			sourceTree = "<group>";
		};
		64A167BF28C83AF8006D9279 /* Preview Content */ = {
			isa = PBXGroup;
			children = (
				64A167C028C83AF8006D9279 /* Preview Assets.xcassets */,
			);
			path = "Preview Content";
			sourceTree = "<group>";
		};
		64A167C728C83B6E006D9279 /* Core */ = {
			isa = PBXGroup;
			children = (
				64A167C828C83B84006D9279 /* API */,
			);
			path = Core;
			sourceTree = "<group>";
		};
		64A167C828C83B84006D9279 /* API */ = {
			isa = PBXGroup;
			children = (
				64A06A2228C8798F0086A9F4 /* ManagerAPI.swift */,
			);
			path = API;
			sourceTree = "<group>";
		};
		64A167C928C8438E006D9279 /* Infraastruct */ = {
			isa = PBXGroup;
			children = (
				64A06A2428C88A9C0086A9F4 /* Env */,
				64A167CB28C84487006D9279 /* API */,
			);
			path = Infraastruct;
			sourceTree = "<group>";
		};
		64A167CB28C84487006D9279 /* API */ = {
			isa = PBXGroup;
			children = (
				649F594828C98BCE00864BFA /* Model */,
			);
			path = API;
			sourceTree = "<group>";
		};
/* End PBXGroup section */

/* Begin PBXNativeTarget section */
		64A167B528C83AF7006D9279 /* API_RepoDemo */ = {
			isa = PBXNativeTarget;
			buildConfigurationList = 64A167C428C83AF8006D9279 /* Build configuration list for PBXNativeTarget "API_RepoDemo" */;
			buildPhases = (
				64A167B228C83AF7006D9279 /* Sources */,
				64A167B328C83AF7006D9279 /* Frameworks */,
				64A167B428C83AF7006D9279 /* Resources */,
			);
			buildRules = (
			);
			dependencies = (
			);
			name = API_RepoDemo;
			packageProductDependencies = (
				64A06A2828C88E500086A9F4 /* Alamofire */,
			);
			productName = API_RepoDemo;
			productReference = 64A167B628C83AF7006D9279 /* DebugDemoAPI.app */;
			productType = "com.apple.product-type.application";
		};
/* End PBXNativeTarget section */

/* Begin PBXProject section */
		64A167AE28C83AF7006D9279 /* Project object */ = {
			isa = PBXProject;
			attributes = {
				BuildIndependentTargetsInParallel = 1;
				LastSwiftUpdateCheck = 1340;
				LastUpgradeCheck = 1340;
				TargetAttributes = {
					64A167B528C83AF7006D9279 = {
						CreatedOnToolsVersion = 13.4.1;
					};
				};
			};
			buildConfigurationList = 64A167B128C83AF7006D9279 /* Build configuration list for PBXProject "API_RepoDemo" */;
			compatibilityVersion = "Xcode 13.0";
			developmentRegion = en;
			hasScannedForEncodings = 0;
			knownRegions = (
				en,
				Base,
			);
			mainGroup = 64A167AD28C83AF7006D9279;
			packageReferences = (
				64A06A2728C88E500086A9F4 /* XCRemoteSwiftPackageReference "Alamofire" */,
			);
			productRefGroup = 64A167B728C83AF7006D9279 /* Products */;
			projectDirPath = "";
			projectRoot = "";
			targets = (
				64A167B528C83AF7006D9279 /* API_RepoDemo */,
			);
		};
/* End PBXProject section */

/* Begin PBXResourcesBuildPhase section */
		64A167B428C83AF7006D9279 /* Resources */ = {
			isa = PBXResourcesBuildPhase;
			buildActionMask = 2147483647;
			files = (
				649F594F28C9AC2400864BFA /* Launch Screen.storyboard in Resources */,
				64A167C128C83AF8006D9279 /* Preview Assets.xcassets in Resources */,
				64A167BE28C83AF8006D9279 /* Assets.xcassets in Resources */,
			);
			runOnlyForDeploymentPostprocessing = 0;
		};
/* End PBXResourcesBuildPhase section */

/* Begin PBXSourcesBuildPhase section */
		64A167B228C83AF7006D9279 /* Sources */ = {
			isa = PBXSourcesBuildPhase;
			buildActionMask = 2147483647;
			files = (
				64A06A2328C8798F0086A9F4 /* ManagerAPI.swift in Sources */,
				64A167BC28C83AF7006D9279 /* ContentView.swift in Sources */,
				64A06A2628C88ABB0086A9F4 /* Configuration.swift in Sources */,
				64A167BA28C83AF7006D9279 /* API_RepoDemoApp.swift in Sources */,
				649F594D28C98EA300864BFA /* GetTokenMdoel.swift in Sources */,
				649F594B28C98C3200864BFA /* BaseModel.swift in Sources */,
			);
			runOnlyForDeploymentPostprocessing = 0;
		};
/* End PBXSourcesBuildPhase section */

/* Begin XCBuildConfiguration section */
		64A167C228C83AF8006D9279 /* Debug */ = {
			isa = XCBuildConfiguration;
			buildSettings = {
				ALWAYS_SEARCH_USER_PATHS = NO;
				CLANG_ANALYZER_NONNULL = YES;
				CLANG_ANALYZER_NUMBER_OBJECT_CONVERSION = YES_AGGRESSIVE;
				CLANG_CXX_LANGUAGE_STANDARD = "gnu++17";
				CLANG_ENABLE_MODULES = YES;
				CLANG_ENABLE_OBJC_ARC = YES;
				CLANG_ENABLE_OBJC_WEAK = YES;
				CLANG_WARN_BLOCK_CAPTURE_AUTORELEASING = YES;
				CLANG_WARN_BOOL_CONVERSION = YES;
				CLANG_WARN_COMMA = YES;
				CLANG_WARN_CONSTANT_CONVERSION = YES;
				CLANG_WARN_DEPRECATED_OBJC_IMPLEMENTATIONS = YES;
				CLANG_WARN_DIRECT_OBJC_ISA_USAGE = YES_ERROR;
				CLANG_WARN_DOCUMENTATION_COMMENTS = YES;
				CLANG_WARN_EMPTY_BODY = YES;
				CLANG_WARN_ENUM_CONVERSION = YES;
				CLANG_WARN_INFINITE_RECURSION = YES;
				CLANG_WARN_INT_CONVERSION = YES;
				CLANG_WARN_NON_LITERAL_NULL_CONVERSION = YES;
				CLANG_WARN_OBJC_IMPLICIT_RETAIN_SELF = YES;
				CLANG_WARN_OBJC_LITERAL_CONVERSION = YES;
				CLANG_WARN_OBJC_ROOT_CLASS = YES_ERROR;
				CLANG_WARN_QUOTED_INCLUDE_IN_FRAMEWORK_HEADER = YES;
				CLANG_WARN_RANGE_LOOP_ANALYSIS = YES;
				CLANG_WARN_STRICT_PROTOTYPES = YES;
				CLANG_WARN_SUSPICIOUS_MOVE = YES;
				CLANG_WARN_UNGUARDED_AVAILABILITY = YES_AGGRESSIVE;
				CLANG_WARN_UNREACHABLE_CODE = YES;
				CLANG_WARN__DUPLICATE_METHOD_MATCH = YES;
				COPY_PHASE_STRIP = NO;
				DEBUG_INFORMATION_FORMAT = dwarf;
				ENABLE_STRICT_OBJC_MSGSEND = YES;
				ENABLE_TESTABILITY = YES;
				GCC_C_LANGUAGE_STANDARD = gnu11;
				GCC_DYNAMIC_NO_PIC = NO;
				GCC_NO_COMMON_BLOCKS = YES;
				GCC_OPTIMIZATION_LEVEL = 0;
				GCC_PREPROCESSOR_DEFINITIONS = (
					"DEBUG=1",
					"$(inherited)",
				);
				GCC_WARN_64_TO_32_BIT_CONVERSION = YES;
				GCC_WARN_ABOUT_RETURN_TYPE = YES_ERROR;
				GCC_WARN_UNDECLARED_SELECTOR = YES;
				GCC_WARN_UNINITIALIZED_AUTOS = YES_AGGRESSIVE;
				GCC_WARN_UNUSED_FUNCTION = YES;
				GCC_WARN_UNUSED_VARIABLE = YES;
				IPHONEOS_DEPLOYMENT_TARGET = 15.5;
				MTL_ENABLE_DEBUG_INFO = INCLUDE_SOURCE;
				MTL_FAST_MATH = YES;
				ONLY_ACTIVE_ARCH = YES;
				SDKROOT = iphoneos;
				SWIFT_ACTIVE_COMPILATION_CONDITIONS = DEBUG;
				SWIFT_OPTIMIZATION_LEVEL = "-Onone";
			};
			name = Debug;
		};
		64A167C328C83AF8006D9279 /* Release */ = {
			isa = XCBuildConfiguration;
			buildSettings = {
				ALWAYS_SEARCH_USER_PATHS = NO;
				CLANG_ANALYZER_NONNULL = YES;
				CLANG_ANALYZER_NUMBER_OBJECT_CONVERSION = YES_AGGRESSIVE;
				CLANG_CXX_LANGUAGE_STANDARD = "gnu++17";
				CLANG_ENABLE_MODULES = YES;
				CLANG_ENABLE_OBJC_ARC = YES;
				CLANG_ENABLE_OBJC_WEAK = YES;
				CLANG_WARN_BLOCK_CAPTURE_AUTORELEASING = YES;
				CLANG_WARN_BOOL_CONVERSION = YES;
				CLANG_WARN_COMMA = YES;
				CLANG_WARN_CONSTANT_CONVERSION = YES;
				CLANG_WARN_DEPRECATED_OBJC_IMPLEMENTATIONS = YES;
				CLANG_WARN_DIRECT_OBJC_ISA_USAGE = YES_ERROR;
				CLANG_WARN_DOCUMENTATION_COMMENTS = YES;
				CLANG_WARN_EMPTY_BODY = YES;
				CLANG_WARN_ENUM_CONVERSION = YES;
				CLANG_WARN_INFINITE_RECURSION = YES;
				CLANG_WARN_INT_CONVERSION = YES;
				CLANG_WARN_NON_LITERAL_NULL_CONVERSION = YES;
				CLANG_WARN_OBJC_IMPLICIT_RETAIN_SELF = YES;
				CLANG_WARN_OBJC_LITERAL_CONVERSION = YES;
				CLANG_WARN_OBJC_ROOT_CLASS = YES_ERROR;
				CLANG_WARN_QUOTED_INCLUDE_IN_FRAMEWORK_HEADER = YES;
				CLANG_WARN_RANGE_LOOP_ANALYSIS = YES;
				CLANG_WARN_STRICT_PROTOTYPES = YES;
				CLANG_WARN_SUSPICIOUS_MOVE = YES;
				CLANG_WARN_UNGUARDED_AVAILABILITY = YES_AGGRESSIVE;
				CLANG_WARN_UNREACHABLE_CODE = YES;
				CLANG_WARN__DUPLICATE_METHOD_MATCH = YES;
				COPY_PHASE_STRIP = NO;
				DEBUG_INFORMATION_FORMAT = "dwarf-with-dsym";
				ENABLE_NS_ASSERTIONS = NO;
				ENABLE_STRICT_OBJC_MSGSEND = YES;
				GCC_C_LANGUAGE_STANDARD = gnu11;
				GCC_NO_COMMON_BLOCKS = YES;
				GCC_WARN_64_TO_32_BIT_CONVERSION = YES;
				GCC_WARN_ABOUT_RETURN_TYPE = YES_ERROR;
				GCC_WARN_UNDECLARED_SELECTOR = YES;
				GCC_WARN_UNINITIALIZED_AUTOS = YES_AGGRESSIVE;
				GCC_WARN_UNUSED_FUNCTION = YES;
				GCC_WARN_UNUSED_VARIABLE = YES;
				IPHONEOS_DEPLOYMENT_TARGET = 15.5;
				MTL_ENABLE_DEBUG_INFO = NO;
				MTL_FAST_MATH = YES;
				SDKROOT = iphoneos;
				SWIFT_COMPILATION_MODE = wholemodule;
				SWIFT_OPTIMIZATION_LEVEL = "-O";
				VALIDATE_PRODUCT = YES;
			};
			name = Release;
		};
		64A167C528C83AF8006D9279 /* Debug */ = {
			isa = XCBuildConfiguration;
			baseConfigurationReference = 64A167CD28C84B47006D9279 /* debug.xcconfig */;
			buildSettings = {
				ASSETCATALOG_COMPILER_APPICON_NAME = AppIcon;
				ASSETCATALOG_COMPILER_GLOBAL_ACCENT_COLOR_NAME = AccentColor;
				CODE_SIGN_STYLE = Automatic;
				CURRENT_PROJECT_VERSION = "${IS_APP_VERSION}";
				DEVELOPMENT_ASSET_PATHS = "\"API_RepoDemo/Preview Content\"";
				DEVELOPMENT_TEAM = N93P363V3F;
				ENABLE_PREVIEWS = YES;
				GENERATE_INFOPLIST_FILE = YES;
				INFOPLIST_FILE = "API-RepoDemo-Info.plist";
				INFOPLIST_KEY_UIApplicationSceneManifest_Generation = YES;
				INFOPLIST_KEY_UIApplicationSupportsIndirectInputEvents = YES;
				INFOPLIST_KEY_UILaunchScreen_Generation = YES;
				INFOPLIST_KEY_UILaunchStoryboardName = "Launch Screen";
				INFOPLIST_KEY_UISupportedInterfaceOrientations_iPad = "UIInterfaceOrientationPortrait UIInterfaceOrientationPortraitUpsideDown UIInterfaceOrientationLandscapeLeft UIInterfaceOrientationLandscapeRight";
				INFOPLIST_KEY_UISupportedInterfaceOrientations_iPhone = "UIInterfaceOrientationPortrait UIInterfaceOrientationLandscapeLeft UIInterfaceOrientationLandscapeRight";
				LD_RUNPATH_SEARCH_PATHS = (
					"$(inherited)",
					"@executable_path/Frameworks",
				);
				MARKETING_VERSION = "${IS_APP_VERSION}";
				PRODUCT_BUNDLE_IDENTIFIER = "${IS_APP_BUNDLE_ID}";
				PRODUCT_NAME = "$(IS_APP_NAME)";
				SWIFT_EMIT_LOC_STRINGS = YES;
				SWIFT_VERSION = 5.0;
				TARGETED_DEVICE_FAMILY = "1,2";
			};
			name = Debug;
		};
		64A167C628C83AF8006D9279 /* Release */ = {
			isa = XCBuildConfiguration;
			baseConfigurationReference = 64A167CC28C84B1F006D9279 /* release.xcconfig */;
			buildSettings = {
				ASSETCATALOG_COMPILER_APPICON_NAME = AppIcon;
				ASSETCATALOG_COMPILER_GLOBAL_ACCENT_COLOR_NAME = AccentColor;
				CODE_SIGN_STYLE = Automatic;
				CURRENT_PROJECT_VERSION = "${IS_APP_VERSION}";
				DEVELOPMENT_ASSET_PATHS = "\"API_RepoDemo/Preview Content\"";
				DEVELOPMENT_TEAM = N93P363V3F;
				ENABLE_PREVIEWS = YES;
				GENERATE_INFOPLIST_FILE = YES;
				INFOPLIST_FILE = "API-RepoDemo-Info.plist";
				INFOPLIST_KEY_UIApplicationSceneManifest_Generation = YES;
				INFOPLIST_KEY_UIApplicationSupportsIndirectInputEvents = YES;
				INFOPLIST_KEY_UILaunchScreen_Generation = YES;
				INFOPLIST_KEY_UILaunchStoryboardName = "Launch Screen";
				INFOPLIST_KEY_UISupportedInterfaceOrientations_iPad = "UIInterfaceOrientationPortrait UIInterfaceOrientationPortraitUpsideDown UIInterfaceOrientationLandscapeLeft UIInterfaceOrientationLandscapeRight";
				INFOPLIST_KEY_UISupportedInterfaceOrientations_iPhone = "UIInterfaceOrientationPortrait UIInterfaceOrientationLandscapeLeft UIInterfaceOrientationLandscapeRight";
				LD_RUNPATH_SEARCH_PATHS = (
					"$(inherited)",
					"@executable_path/Frameworks",
				);
				MARKETING_VERSION = "${IS_APP_VERSION}";
				PRODUCT_BUNDLE_IDENTIFIER = "${IS_APP_BUNDLE_ID}";
				PRODUCT_NAME = "$(IS_APP_NAME)";
				SWIFT_EMIT_LOC_STRINGS = YES;
				SWIFT_VERSION = 5.0;
				TARGETED_DEVICE_FAMILY = "1,2";
			};
			name = Release;
		};
/* End XCBuildConfiguration section */

/* Begin XCConfigurationList section */
		64A167B128C83AF7006D9279 /* Build configuration list for PBXProject "API_RepoDemo" */ = {
			isa = XCConfigurationList;
			buildConfigurations = (
				64A167C228C83AF8006D9279 /* Debug */,
				64A167C328C83AF8006D9279 /* Release */,
			);
			defaultConfigurationIsVisible = 0;
			defaultConfigurationName = Debug;
		};
		64A167C428C83AF8006D9279 /* Build configuration list for PBXNativeTarget "API_RepoDemo" */ = {
			isa = XCConfigurationList;
			buildConfigurations = (
				64A167C528C83AF8006D9279 /* Debug */,
				64A167C628C83AF8006D9279 /* Release */,
			);
			defaultConfigurationIsVisible = 0;
			defaultConfigurationName = Debug;
		};
/* End XCConfigurationList section */

/* Begin XCRemoteSwiftPackageReference section */
		64A06A2728C88E500086A9F4 /* XCRemoteSwiftPackageReference "Alamofire" */ = {
			isa = XCRemoteSwiftPackageReference;
			repositoryURL = "https://github.com/Alamofire/Alamofire.git";
			requirement = {
				kind = upToNextMajorVersion;
				minimumVersion = 5.0.0;
			};
		};
/* End XCRemoteSwiftPackageReference section */

/* Begin XCSwiftPackageProductDependency section */
		64A06A2828C88E500086A9F4 /* Alamofire */ = {
			isa = XCSwiftPackageProductDependency;
			package = 64A06A2728C88E500086A9F4 /* XCRemoteSwiftPackageReference "Alamofire" */;
			productName = Alamofire;
		};
/* End XCSwiftPackageProductDependency section */
	};
	rootObject = 64A167AE28C83AF7006D9279 /* Project object */;
}
